
Microsoft Visual Studio Solution File, Format Version 12.00
# Visual Studio Version 17
VisualStudioVersion = 17.14.37111.16 d17.14
MinimumVisualStudioVersion = 10.0.40219.1
Project("{FAE04EC0-301F-11D3-BF4B-00C04F79EFBC}") = "src", "src.csproj", "{6945410D-E02D-4A66-9490-A8CC26FAF903}"
EndProject
Global
	GlobalSection(SolutionConfigurationPlatforms) = preSolution
		Debug|Any CPU = Debug|Any CPU
		Release|Any CPU = Release|Any CPU
	EndGlobalSection
	GlobalSection(ProjectConfigurationPlatforms) = postSolution
		{6945410D-E02D-4A66-9490-A8CC26FAF903}.Debug|Any CPU.ActiveCfg = Debug|Any CPU
		{6945410D-E02D-4A66-9490-A8CC26FAF903}.Debug|Any CPU.Build.0 = Debug|Any CPU
		{6945410D-E02D-4A66-9490-A8CC26FAF903}.Release|Any CPU.ActiveCfg = Release|Any CPU
		{6945410D-E02D-4A66-9490-A8CC26FAF903}.Release|Any CPU.Build.0 = Release|Any CPU
	EndGlobalSection
	GlobalSection(SolutionProperties) = preSolution
		HideSolutionNode = FALSE
	EndGlobalSection
	GlobalSection(ExtensibilityGlobals) = postSolution
		SolutionGuid = {625F609B-260B-49AA-9CC9-C3E69876E52C}
	EndGlobalSection
EndGlobal
